<?xml version="1.0" encoding="utf-8"?>
<Project ToolsVersion="4.0" xmlns="http://schemas.microsoft.com/developer/msbuild/2003">
  <ItemGroup>
    <Filter Include="Archivos de origen">
      <UniqueIdentifier>{4FC737F1-C7A5-4376-A066-2A32D752A2FF}</UniqueIdentifier>
      <Extensions>cpp;c;cc;cxx;c++;cppm;ixx;def;odl;idl;hpj;bat;asm;asmx</Extensions>
    </Filter>
    <Filter Include="Archivos de encabezado">
      <UniqueIdentifier>{93995380-89BD-4b04-88EB-625FBE52EBFB}</UniqueIdentifier>
      <Extensions>h;hh;hpp;hxx;h++;hm;inl;inc;ipp;xsd</Extensions>
    </Filter>
    <Filter Include="Archivos de recursos">
      <UniqueIdentifier>{67DA6AB6-F800-4c08-8B7A-83BB121AAD01}</UniqueIdentifier>
      <Extensions>rc;ico;cur;bmp;dlg;rc2;rct;bin;rgs;gif;jpg;jpeg;jpe;resx;tiff;tif;png;wav;mfcribbon-ms</Extensions>
    </Filter>
    <Filter Include="Archivos de origen\textures">
      <UniqueIdentifier>{d6210c27-db81-4559-ae74-2caa59a43a20}</UniqueIdentifier>
    </Filter>
    <Filter Include="Archivos de origen\shaders">
      <UniqueIdentifier>{ebe82820-47d4-4281-89ff-fe0bb687d2d6}</UniqueIdentifier>
    </Filter>
    <Filter Include="Archivos de origen\models">
      <UniqueIdentifier>{ba145246-d395-42ae-b1bd-b6f1d6022cce}</UniqueIdentifier>
    </Filter>
  </ItemGroup>
  <ItemGroup>
    <ClCompile Include="..\Proyecto_Stuff\Library\glad.c">
      <Filter>Archivos de origen</Filter>
    </ClCompile>
    <ClCompile Include="C3_Exercise_16_Load3DModel_Task3.cpp">
      <Filter>Archivos de origen</Filter>
    </ClCompile>
  </ItemGroup>
  <ItemGroup>
    <Image Include="textures\awesomeface.png">
      <Filter>Archivos de origen\textures</Filter>
    </Image>
    <Image Include="textures\container.jpg">
      <Filter>Archivos de origen\textures</Filter>
    </Image>
    <Image Include="textures\container2.png">
      <Filter>Archivos de origen\textures</Filter>
    </Image>
    <Image Include="textures\container2_specular.png">
      <Filter>Archivos de origen\textures</Filter>
    </Image>
    <Image Include="textures\floor.jpg">
      <Filter>Archivos de origen\textures</Filter>
    </Image>
    <Image Include="textures\lucky_block.jpg">
      <Filter>Archivos de origen\textures</Filter>
    </Image>
    <Image Include="textures\matrix.jpg">
      <Filter>Archivos de origen\textures</Filter>
    </Image>
    <Image Include="textures\texture1.jpg">
      <Filter>Archivos de origen\textures</Filter>
    </Image>
    <Image Include="textures\texture2.jpg">
      <Filter>Archivos de origen\textures</Filter>
    </Image>
    <Image Include="textures\texture3.jpg">
      <Filter>Archivos de origen\textures</Filter>
    </Image>
    <Image Include="textures\texture4.jpg">
      <Filter>Archivos de origen\textures</Filter>
    </Image>
    <Image Include="textures\Texture4.png">
      <Filter>Archivos de origen\textures</Filter>
    </Image>
  </ItemGroup>
  <ItemGroup>
    <None Include="shaders\shader_exercise16_mloading.fs">
      <Filter>Archivos de origen\shaders</Filter>
    </None>
    <None Include="shaders\shader_exercise16_mloading.vs">
      <Filter>Archivos de origen\shaders</Filter>
    </None>
  </ItemGroup>
</Project>